
Microsoft Visual Studio Solution File, Format Version 12.00
# Visual Studio Version 17
VisualStudioVersion = 17.2.32526.322
MinimumVisualStudioVersion = 10.0.40219.1
Project("{8BC9CEB8-8B4A-11D0-8D11-00A0C91BC942}") = "tetris_", "tetris_\tetris_.vcxproj", "{6BA7F293-EFC0-4A92-8F87-81320C6C52E8}"
EndProject
Global
	GlobalSection(SolutionConfigurationPlatforms) = preSolution
		Debug|x64 = Debug|x64
		Debug|x86 = Debug|x86
		Release|x64 = Release|x64
		Release|x86 = Release|x86
	EndGlobalSection
	GlobalSection(ProjectConfigurationPlatforms) = postSolution
		{6BA7F293-EFC0-4A92-8F87-81320C6C52E8}.Debug|x64.ActiveCfg = Debug|x64
		{6BA7F293-EFC0-4A92-8F87-81320C6C52E8}.Debug|x64.Build.0 = Debug|x64
		{6BA7F293-EFC0-4A92-8F87-81320C6C52E8}.Debug|x86.ActiveCfg = Debug|Win32
		{6BA7F293-EFC0-4A92-8F87-81320C6C52E8}.Debug|x86.Build.0 = Debug|Win32
		{6BA7F293-EFC0-4A92-8F87-81320C6C52E8}.Release|x64.ActiveCfg = Release|x64
		{6BA7F293-EFC0-4A92-8F87-81320C6C52E8}.Release|x64.Build.0 = Release|x64
		{6BA7F293-EFC0-4A92-8F87-81320C6C52E8}.Release|x86.ActiveCfg = Release|Win32
		{6BA7F293-EFC0-4A92-8F87-81320C6C52E8}.Release|x86.Build.0 = Release|Win32
	EndGlobalSection
	GlobalSection(SolutionProperties) = preSolution
		HideSolutionNode = FALSE
	EndGlobalSection
	GlobalSection(ExtensibilityGlobals) = postSolution
		SolutionGuid = {3A9E6F08-24C7-405F-B6F7-6629C7D6D458}
	EndGlobalSection
EndGlobal
